github.com/andybalholm/brotli v1.2.0 h1:ukwgCxwYrmACq68yiUqwIWnGY0cTPox/M94sVwToPjQ=
github.com/andybalholm/brotli v1.2.0/go.mod h1:rzTDkvFWvIrjDXZHkuS16NPggd91W3kUSvPlQ1pLaKY=
github.com/davecgh/go-spew v1.1.1 h1:vj9j/u1bqnvCEfJOwUhtlOARqs3+rkHYY13jYWTU97c=
github.com/davecgh/go-spew v1.1.1/go.mod h1:J7Y8YcW2NihsgmVo/mv3lAwl/skON4iLHjSsI+c5H38=
github.com/fxamacker/cbor/v2 v2.9.0 h1:NpKPmjDBgUfBms6tr6JZkTHtfFGcMKsw3eGcmD/sapM=
github.com/fxamacker/cbor/v2 v2.9.0/go.mod h1:vM4b+DJCtHn+zz7h3FFp/hDAI9WNWCsZj23V5ytsSxQ=
github.com/go-logr/logr v1.2.2/go.mod h1:jdQByPbusPIv2/zmleS9BjJVeZ6kBagPoEUsqbVz/1A=
github.com/go-logr/logr v1.2.4 h1:g01GSCwiDw2xSZfjJ2/T9M+S6pFdcNtFYsp+Y43HYDQ=
github.com/go-logr/logr v1.2.4/go.mod h1:jdQByPbusPIv2/zmleS9BjJVeZ6kBagPoEUsqbVz/1A=
github.com/go-logr/stdr v1.2.2 h1:hSWxHoqTgW2S2qGc0LTAI563KZ5YKYRhT3MFKZMbjag=
github.com/go-logr/stdr v1.2.2/go.mod h1:mMo/vtBO5dYbehREoey6XUKy/eSumjCCveDpRre4VKE=
github.com/gofiber/fiber/v3 v3.0.0-rc.2 h1:5I3RQ7XygDBfWRlMhkATjyJKupMmfMAVmnsrgo6wmc0=
github.com/gofiber/fiber/v3 v3.0.0-rc.2/go.mod h1:EHKwhVCONMruJTOmvSPSy0CdACJ3uqCY8vGaBXft8yg=
github.com/gofiber/schema v1.6.0 h1:rAgVDFwhndtC+hgV7Vu5ItQCn7eC2mBA4Eu1/ZTiEYY=
github.com/gofiber/schema v1.6.0/go.mod h1:WNZWpQx8LlPSK7ZaX0OqOh+nQo/eW2OevsXs1VZfs/s=
github.com/gofiber/utils/v2 v2.0.0-rc.1 h1:b77K5Rk9+Pjdxz4HlwEBnS7u5nikhx7armQB8xPds4s=
github.com/gofiber/utils/v2 v2.0.0-rc.1/go.mod h1:Y1g08g7gvST49bbjHJ1AVqcsmg93912R/tbKWhn6V3E=
github.com/google/go-cmp v0.5.9 h1:O2Tfq5qg4qc4AmwVlvv0oLiVAGB7enBSJ2x2DqQFi38=
github.com/google/go-cmp v0.5.9/go.mod h1:17dUlkBOakJ0+DkrSSNjCkIjxS6bF9zb3elmeNGIjoY=
github.com/google/uuid v1.6.0 h1:NIvaJDMOsjHA8n1jAhLSgzrAzy1Hgr+hNrb57e+94F0=
github.com/google/uuid v1.6.0/go.mod h1:TIyPZe4MgqvfeYDBFedMoGGpEw/LqOeaOT+nhxU+yHo=
github.com/klauspost/compress v1.18.0 h1:c/Cqfb0r+Yi+JtIEq73FWXVkRonBlf0CRNYc8Zttxdo=
github.com/klauspost/compress v1.18.0/go.mod h1:2Pp+KzxcywXVXMr50+X0Q/Lsb43OQHYWRCY2AiWywWQ=
github.com/mattn/go-colorable v0.1.14 h1:9A9LHSqF/7dyVVX6g0U9cwm9pG3kP9gSzcuIPHPsaIE=
github.com/mattn/go-colorable v0.1.14/go.mod h1:6LmQG8QLFO4G5z1gPvYEzlUgJ2wF+stgPZH1UqBm1s8=
github.com/mattn/go-isatty v0.0.20 h1:xfD0iDuEKnDkl03q4limB+vH+GxLEtL/jb4xVJSWWEY=
github.com/mattn/go-isatty v0.0.20/go.mod h1:W+V8PltTTMOvKvAeJH7IuucS94S2C6jfK/D7dTCTo3Y=
github.com/philhofer/fwd v1.2.0 h1:e6DnBTl7vGY+Gz322/ASL4Gyp1FspeMvx1RNDoToZuM=
github.com/philhofer/fwd v1.2.0/go.mod h1:RqIHx9QI14HlwKwm98g9Re5prTQ6LdeRQn+gXJFxsJM=
github.com/pmezard/go-difflib v1.0.0 h1:4DBwDE0NGyQoBHbLQYPwSUPoCMWR5BEzIk/f1lZbAQM=
github.com/pmezard/go-difflib v1.0.0/go.mod h1:iKH77koFhYxTK1pcRnkKkqfTogsbg7gZNVY4sRDYZ/4=
github.com/shamaton/msgpack/v2 v2.3.1 h1:R3QNLIGA/tbdczNMZ5PCRxrXvy+fnzsIaHG4kKMgWYo=
github.com/shamaton/msgpack/v2 v2.3.1/go.mod h1:6khjYnkx73f7VQU7wjcFS9DFjs+59naVWJv1TB7qdOI=
github.com/stretchr/testify v1.11.1 h1:7s2iGBzp5EwR7/aIZr8ao5+dra3wiQyKjjFuvgVKu7U=
github.com/stretchr/testify v1.11.1/go.mod h1:wZwfW3scLgRK+23gO65QZefKpKQRnfz6sD981Nm4B6U=
github.com/tinylib/msgp v1.4.0 h1:SYOeDRiydzOw9kSiwdYp9UcBgPFtLU2WDHaJXyHruf8=
github.com/tinylib/msgp v1.4.0/go.mod h1:cvjFkb4RiC8qSBOPMGPSzSAx47nAsfhLVTCZZNuHv5o=
github.com/valyala/bytebufferpool v1.0.0 h1:GqA5TC/0021Y/b9FG4Oi9Mr3q7XYx6KllzawFIhcdPw=
github.com/valyala/bytebufferpool v1.0.0/go.mod h1:6bBcMArwyJ5K/AmCkWv1jt77kVWyCJ6HpOuEn7z0Csc=
github.com/valyala/fasthttp v1.65.0 h1:j/u3uzFEGFfRxw79iYzJN+TteTJwbYkru9uDp3d0Yf8=
github.com/valyala/fasthttp v1.65.0/go.mod h1:P/93/YkKPMsKSnATEeELUCkG8a7Y+k99uxNHVbKINr4=
github.com/x448/float16 v0.8.4 h1:qLwI1I70+NjRFUR3zs1JPUCgaCXSh3SW62uAKT1mSBM=
github.com/x448/float16 v0.8.4/go.mod h1:14CWIYCyZA/cWjXOioeEpHeN/83MdbZDRQHoFcYsOfg=
github.com/xyproto/randomstring v1.0.5 h1:YtlWPoRdgMu3NZtP45drfy1GKoojuR7hmRcnhZqKjWU=
github.com/xyproto/randomstring v1.0.5/go.mod h1:rgmS5DeNXLivK7YprL0pY+lTuhNQW3iGxZ18UQApw/E=
go.opentelemetry.io/contrib v1.20.0 h1:oXUiIQLlkbi9uZB/bt5B1WRLsrTKqb7bPpAQ+6htn2w=
go.opentelemetry.io/contrib v1.20.0/go.mod h1:gIzjwWFoGazJmtCaDgViqOSJPde2mCWzv60o0bWPcZs=
go.opentelemetry.io/contrib/propagators/b3 v1.20.0 h1:Yty9Vs4F3D6/liF1o6FNt0PvN85h/BJJ6DQKJ3nrcM0=
go.opentelemetry.io/contrib/propagators/b3 v1.20.0/go.mod h1:On4VgbkqYL18kbJlWsa18+cMNe6rYpBnPi1ARI/BrsU=
go.opentelemetry.io/otel v1.19.0 h1:MuS/TNf4/j4IXsZuJegVzI1cwut7Qc00344rgH7p8bs=
go.opentelemetry.io/otel v1.19.0/go.mod h1:i0QyjOq3UPoTzff0PJB2N66fb4S0+rSbSB15/oyH9fY=
go.opentelemetry.io/otel/metric v1.19.0 h1:aTzpGtV0ar9wlV4Sna9sdJyII5jTVJEvKETPiOKwvpE=
go.opentelemetry.io/otel/metric v1.19.0/go.mod h1:L5rUsV9kM1IxCj1MmSdS+JQAcVm319EUrDVLrt7jqt8=
go.opentelemetry.io/otel/sdk v1.19.0 h1:6USY6zH+L8uMH8L3t1enZPR3WFEmSTADlqldyHtJi3o=
go.opentelemetry.io/otel/sdk v1.19.0/go.mod h1:NedEbbS4w3C6zElbLdPJKOpJQOrGUJ+GfzpjUvI0v1A=
go.opentelemetry.io/otel/sdk/metric v0.41.0 h1:c3sAt9/pQ5fSIUfl0gPtClV3HhE18DCVzByD33R/zsk=
go.opentelemetry.io/otel/sdk/metric v0.41.0/go.mod h1:PmOmSt+iOklKtIg5O4Vz9H/ttcRFSNTgii+E1KGyn1w=
go.opentelemetry.io/otel/trace v1.19.0 h1:DFVQmlVbfVeOuBRrwdtaehRrWiL1JoVs9CPIQ1Dzxpg=
go.opentelemetry.io/otel/trace v1.19.0/go.mod h1:mfaSyvGyEJEI0nyV2I4qhNQnbBOUUmYZpYojqMnX2vo=
golang.org/x/crypto v0.42.0 h1:chiH31gIWm57EkTXpwnqf8qeuMUi0yekh6mT2AvFlqI=
golang.org/x/crypto v0.42.0/go.mod h1:4+rDnOTJhQCx2q7/j6rAN5XDw8kPjeaXEUR2eL94ix8=
golang.org/x/net v0.44.0 h1:evd8IRDyfNBMBTTY5XRF1vaZlD+EmWx6x8PkhR04H/I=
golang.org/x/net v0.44.0/go.mod h1:ECOoLqd5U3Lhyeyo/QDCEVQ4sNgYsqvCZ722XogGieY=
golang.org/x/sys v0.6.0/go.mod h1:oPkhp1MJrh7nUepCBck5+mAzfO9JrbApNNgaTdGDITg=
golang.org/x/sys v0.36.0 h1:KVRy2GtZBrk1cBYA7MKu5bEZFxQk4NIDV6RLVcC8o0k=
golang.org/x/sys v0.36.0/go.mod h1:OgkHotnGiDImocRcuBABYBEXf8A9a87e/uXjp9XT3ks=
golang.org/x/text v0.30.0 h1:yznKA/E9zq54KzlzBEAWn1NXSQ8DIp/NYMy88xJjl4k=
golang.org/x/text v0.30.0/go.mod h1:yDdHFIX9t+tORqspjENWgzaCVXgk0yYnYuSZ8UzzBVM=
gopkg.in/check.v1 v0.0.0-20161208181325-20d25e280405 h1:yhCVgyC4o1eVCa2tZl7eS0r+SDo693bJlVdllGtEeKM=
gopkg.in/check.v1 v0.0.0-20161208181325-20d25e280405/go.mod h1:Co6ibVJAznAaIkqp8huTwlJQCZ016jof/cbN4VW5Yz0=
gopkg.in/yaml.v3 v3.0.1 h1:fxVm/GzAzEWqLHuvctI91KS9hhNmmWOoWu0XTYJS7CA=
gopkg.in/yaml.v3 v3.0.1/go.mod h1:K4uyk7z7BCEPqu6E+C64Yfv1cQ7kz7rIZviUmN+EgEM=
