github.com/andybalholm/brotli v1.0.2 h1:JKnhI/XQ75uFBTiuzXpzFrUriDPiZjlOSzh6wXogP0E=
github.com/andybalholm/brotli v1.0.2/go.mod h1:loMXtMfwqflxFJPmdbJO0a3KNoPuLBgiu3qAvBg8x/Y=
github.com/andybalholm/brotli v1.0.4 h1:V7DdXeJtZscaqfNuAdSRuRFzuiKlHSC/Zh3zl9qY3JY=
github.com/andybalholm/brotli v1.0.4/go.mod h1:fO7iG3H7G2nSZ7m0zPUDn85XEX2GTukHGRSepvi9Eig=
github.com/davecgh/go-spew v1.1.0/go.mod h1:J7Y8YcW2NihsgmVo/mv3lAwl/skON4iLHjSsI+c5H38=
github.com/davecgh/go-spew v1.1.1 h1:vj9j/u1bqnvCEfJOwUhtlOARqs3+rkHYY13jYWTU97c=
github.com/davecgh/go-spew v1.1.1/go.mod h1:J7Y8YcW2NihsgmVo/mv3lAwl/skON4iLHjSsI+c5H38=
github.com/go-logr/logr v1.2.0/go.mod h1:jdQByPbusPIv2/zmleS9BjJVeZ6kBagPoEUsqbVz/1A=
github.com/go-logr/logr v1.2.1/go.mod h1:jdQByPbusPIv2/zmleS9BjJVeZ6kBagPoEUsqbVz/1A=
github.com/go-logr/logr v1.2.2 h1:ahHml/yUpnlb96Rp8HCvtYVPY8ZYpxq3g7UYchIYwbs=
github.com/go-logr/logr v1.2.2/go.mod h1:jdQByPbusPIv2/zmleS9BjJVeZ6kBagPoEUsqbVz/1A=
github.com/go-logr/stdr v1.2.0/go.mod h1:YkVgnZu1ZjjL7xTxrfm/LLZBfkhTqSR1ydtm6jTKKwI=
github.com/go-logr/stdr v1.2.2 h1:hSWxHoqTgW2S2qGc0LTAI563KZ5YKYRhT3MFKZMbjag=
github.com/go-logr/stdr v1.2.2/go.mod h1:mMo/vtBO5dYbehREoey6XUKy/eSumjCCveDpRre4VKE=
github.com/gofiber/fiber/v2 v2.23.0 h1:kcJGMC6SULJ2G7p7mbs+A28cVLOeJSR694jfGyGZqRI=
github.com/gofiber/fiber/v2 v2.23.0/go.mod h1:MR1usVH3JHYRyQwMe2eZXRSZHRX38fkV+A7CPB+DlDQ=
github.com/gofiber/fiber/v2 v2.24.0 h1:18rpLoQMJBVlLtX/PwgHj3hIxPSeWfN1YeDJ2lEnzjU=
github.com/gofiber/fiber/v2 v2.24.0/go.mod h1:MR1usVH3JHYRyQwMe2eZXRSZHRX38fkV+A7CPB+DlDQ=
github.com/golang/snappy v0.0.3/go.mod h1:/XxbfmMg8lxefKM7IXC3fBNl/7bRcc72aCRzEWrmP2Q=
github.com/google/go-cmp v0.5.6 h1:BKbKCqvP6I+rmFHt06ZmyQtvB8xAkWdhFyr0ZUNZcxQ=
github.com/google/go-cmp v0.5.6/go.mod h1:v8dTdLbMG2kIc/vJvl+f65V22dbkXbowE6jgT/gNBxE=
github.com/klauspost/compress v1.13.4 h1:0zhec2I8zGnjWcKyLl6i3gPqKANCCn5e9xmviEEeX6s=
github.com/klauspost/compress v1.13.4/go.mod h1:8dP1Hq4DHOhN9w426knH3Rhby4rFm6D8eO+e+Dq5Gzg=
github.com/klauspost/compress v1.14.1 h1:hLQYb23E8/fO+1u53d02A97a8UnsddcvYzq4ERRU4ds=
github.com/klauspost/compress v1.14.1/go.mod h1:/3/Vjq9QcHkK5uEr5lBEmyoZ1iFhe47etQ6QUkpK6sk=
github.com/pmezard/go-difflib v1.0.0 h1:4DBwDE0NGyQoBHbLQYPwSUPoCMWR5BEzIk/f1lZbAQM=
github.com/pmezard/go-difflib v1.0.0/go.mod h1:iKH77koFhYxTK1pcRnkKkqfTogsbg7gZNVY4sRDYZ/4=
github.com/stretchr/objx v0.1.0/go.mod h1:HFkY916IF+rwdDfMAkV7OtwuqBVzrE8GR6GFx+wExME=
github.com/stretchr/testify v1.7.0 h1:nwc3DEeHmmLAfoZucVR881uASk0Mfjw8xYJ99tb5CcY=
github.com/stretchr/testify v1.7.0/go.mod h1:6Fq8oRcR53rry900zMqJjRRixrwX3KX962/h/Wwjteg=
github.com/valyala/bytebufferpool v1.0.0 h1:GqA5TC/0021Y/b9FG4Oi9Mr3q7XYx6KllzawFIhcdPw=
github.com/valyala/bytebufferpool v1.0.0/go.mod h1:6bBcMArwyJ5K/AmCkWv1jt77kVWyCJ6HpOuEn7z0Csc=
github.com/valyala/fasthttp v1.31.0 h1:lrauRLII19afgCs2fnWRJ4M5IkV0lo2FqA61uGkNBfE=
github.com/valyala/fasthttp v1.31.0/go.mod h1:2rsYD01CKFrjjsvFxx75KlEUNpWNBY9JWD3K/7o2Cus=
github.com/valyala/fasthttp v1.32.0 h1:keswgWzyKyNIIjz2a7JmCYHOOIkRp6HMx9oTV6QrZWY=
github.com/valyala/fasthttp v1.32.0/go.mod h1:2rsYD01CKFrjjsvFxx75KlEUNpWNBY9JWD3K/7o2Cus=
github.com/valyala/tcplisten v1.0.0 h1:rBHj/Xf+E1tRGZyWIWwJDiRY0zc1Js+CV5DqwacVSA8=
github.com/valyala/tcplisten v1.0.0/go.mod h1:T0xQ8SeCZGxckz9qRXTfG43PvQ/mcWh7FwZEA7Ioqkc=
go.opentelemetry.io/contrib v0.24.0 h1:bVBRFM9tOQkTlf45xEmr29hNyASQeYGrJf4iLzn2WOg=
go.opentelemetry.io/contrib v0.24.0/go.mod h1:EH4yDYeNoaTqn/8yCWQmfNB78VHfGX2Jt2bvnvzBlGM=
go.opentelemetry.io/contrib v1.3.0 h1:p9Gd+3dD7yB+AIph2Ltg11QDX6Y+yWMH0YQVTpTTP2c=
go.opentelemetry.io/contrib v1.3.0/go.mod h1:FlyPNX9s4U6MCsWEc5YAK4KzKNHFDsjrDUZijJiXvy8=
go.opentelemetry.io/contrib/propagators/b3 v0.23.0 h1:sxitmDBHZS3Z2lw81kDntCRFt4dQglu9EOhBPNHN9CY=
go.opentelemetry.io/contrib/propagators/b3 v0.23.0/go.mod h1:tAJUf0uW1xrgQ1QgOZqLXFbn3DNFO4tTmh0Nqe3kSzw=
go.opentelemetry.io/contrib/propagators/b3 v1.3.0/go.mod h1:qzi0km8qO3l2jxB5aDg4Q9xyqV4HKnCWZYpVYDTUIT0=
go.opentelemetry.io/otel v1.0.0-RC1/go.mod h1:x9tRa9HK4hSSq7jf2TKbqFbtt58/TGk0f9XiEYISI1I=
go.opentelemetry.io/otel v1.0.0-RC3 h1:kvwiyEkiUT/JaadXzVLI/R1wDO934A7r3Bs2wEe6wqA=
go.opentelemetry.io/otel v1.0.0-RC3/go.mod h1:Ka5j3ua8tZs4Rkq4Ex3hwgBgOchyPVq5S6P2lz//nKQ=
go.opentelemetry.io/otel v1.3.0 h1:APxLf0eiBwLl+SOXiJJCVYzA1OOJNyAoV8C5RNRyy7Y=
go.opentelemetry.io/otel v1.3.0/go.mod h1:PWIKzi6JCp7sM0k9yZ43VX+T345uNbAkDKwHVjb2PTs=
go.opentelemetry.io/otel/exporters/stdout/stdouttrace v1.0.0-RC3 h1:ewSzc2SagdOx0up5xZPigXh1n3SLsNEslc5edHRBVcs=
go.opentelemetry.io/otel/exporters/stdout/stdouttrace v1.0.0-RC3/go.mod h1:Oxmrmpdvm6lM3tkYmHKGWAhi9+9c2rrAEbwSDn0Bvv8=
go.opentelemetry.io/otel/exporters/stdout/stdouttrace v1.3.0 h1:Kte45gGM12Ks0pZng7Pi+IFlbbeY287ZpGX0s0G9al8=
go.opentelemetry.io/otel/exporters/stdout/stdouttrace v1.3.0/go.mod h1:PQLM+xJ3EMSZU9rMevmw+4nH1efyp23CW/nD9BlB3sg=
go.opentelemetry.io/otel/oteltest v1.0.0-RC1 h1:G685iP3XiskCwk/z0eIabL55XUl2gk0cljhGk9sB0Yk=
go.opentelemetry.io/otel/oteltest v1.0.0-RC1/go.mod h1:+eoIG0gdEOaPNftuy1YScLr1Gb4mL/9lpDkZ0JjMRq4=
go.opentelemetry.io/otel/oteltest v1.0.0-RC3/go.mod h1:xpzajI9JBRr7gX63nO6kAmImmYIAtuQblZ36Z+LfCjE=
go.opentelemetry.io/otel/sdk v1.0.0-RC3 h1:iRMkET+EmJUn5mW0hJzygBraXRmrUwzbOtNvTCh/oKs=
go.opentelemetry.io/otel/sdk v1.0.0-RC3/go.mod h1:78H6hyg2fka0NYT9fqGuFLvly2yCxiBXDJAgLKo/2Us=
go.opentelemetry.io/otel/sdk v1.3.0 h1:3278edCoH89MEJ0Ky8WQXVmDQv3FX4ZJ3Pp+9fJreAI=
go.opentelemetry.io/otel/sdk v1.3.0/go.mod h1:rIo4suHNhQwBIPg9axF8V9CA72Wz2mKF1teNrup8yzs=
go.opentelemetry.io/otel/trace v1.0.0-RC1/go.mod h1:86UHmyHWFEtWjfWPSbu0+d0Pf9Q6e1U+3ViBOc+NXAg=
go.opentelemetry.io/otel/trace v1.0.0-RC3 h1:9F0ayEvlxv8BmNmPbU005WK7hC+7KbOazCPZjNa1yME=
go.opentelemetry.io/otel/trace v1.0.0-RC3/go.mod h1:VUt2TUYd8S2/ZRX09ZDFZQwn2RqfMB5MzO17jBojGxo=
go.opentelemetry.io/otel/trace v1.3.0 h1:doy8Hzb1RJ+I3yFhtDmwNc7tIyw1tNMOIsyPzp1NOGY=
go.opentelemetry.io/otel/trace v1.3.0/go.mod h1:c/VDhno8888bvQYmbYLqe41/Ldmr/KKunbvWM4/fEjk=
golang.org/x/crypto v0.0.0-20210513164829-c07d793c2f9a/go.mod h1:P+XmwS30IXTQdn5tA2iutPOUgjI07+tq3H3K9MVA1s8=
golang.org/x/net v0.0.0-20210226172049-e18ecbb05110/go.mod h1:m0MpNAwzfU5UDzcl9v0D8zg8gWTRqZa9RBIspLL5mdg=
golang.org/x/net v0.0.0-20210510120150-4163338589ed/go.mod h1:9nx3DQGgdP8bBQD5qxJ1jj9UTztislL4KSBs9R2vV5Y=
golang.org/x/sys v0.0.0-20201119102817-f84b799fce68/go.mod h1:h1NjWce9XRLGQEsW7wpKNCjG9DtNlClVuFLEZdDNbEs=
golang.org/x/sys v0.0.0-20210423082822-04245dca01da/go.mod h1:h1NjWce9XRLGQEsW7wpKNCjG9DtNlClVuFLEZdDNbEs=
golang.org/x/sys v0.0.0-20210423185535-09eb48e85fd7/go.mod h1:h1NjWce9XRLGQEsW7wpKNCjG9DtNlClVuFLEZdDNbEs=
golang.org/x/sys v0.0.0-20210514084401-e8d321eab015 h1:hZR0X1kPW+nwyJ9xRxqZk1vx5RUObAPBdKVvXPDUH/E=
golang.org/x/sys v0.0.0-20210514084401-e8d321eab015/go.mod h1:oPkhp1MJrh7nUepCBck5+mAzfO9JrbApNNgaTdGDITg=
golang.org/x/sys v0.0.0-20220111092808-5a964db01320 h1:0jf+tOCoZ3LyutmCOWpVni1chK4VfFLhRsDK7MhqGRY=
golang.org/x/sys v0.0.0-20220111092808-5a964db01320/go.mod h1:oPkhp1MJrh7nUepCBck5+mAzfO9JrbApNNgaTdGDITg=
golang.org/x/term v0.0.0-20201126162022-7de9c90e9dd1/go.mod h1:bj7SfCRtBDWHUb9snDiAeCFNEtKQo2Wmx5Cou7ajbmo=
golang.org/x/text v0.3.3/go.mod h1:5Zoc/QRtKVWzQhOtBMvqHzDpF6irO9z98xDceosuGiQ=
golang.org/x/text v0.3.6/go.mod h1:5Zoc/QRtKVWzQhOtBMvqHzDpF6irO9z98xDceosuGiQ=
golang.org/x/tools v0.0.0-20180917221912-90fa682c2a6e/go.mod h1:n7NCudcB/nEzxVGmLbDWY5pfWTLqBcC2KZ6jyYvM4mQ=
golang.org/x/xerrors v0.0.0-20191204190536-9bdfabe68543 h1:E7g+9GITq07hpfrRu66IVDexMakfv52eLZ2CXBWiKr4=
golang.org/x/xerrors v0.0.0-20191204190536-9bdfabe68543/go.mod h1:I/5z698sn9Ka8TeJc9MKroUUfqBBauWjQqLJ2OPfmY0=
gopkg.in/check.v1 v0.0.0-20161208181325-20d25e280405 h1:yhCVgyC4o1eVCa2tZl7eS0r+SDo693bJlVdllGtEeKM=
gopkg.in/check.v1 v0.0.0-20161208181325-20d25e280405/go.mod h1:Co6ibVJAznAaIkqp8huTwlJQCZ016jof/cbN4VW5Yz0=
gopkg.in/yaml.v3 v3.0.0-20200313102051-9f266ea9e77c h1:dUUwHk2QECo/6vqA44rthZ8ie2QXMNeKRTHCNY2nXvo=
gopkg.in/yaml.v3 v3.0.0-20200313102051-9f266ea9e77c/go.mod h1:K4uyk7z7BCEPqu6E+C64Yfv1cQ7kz7rIZviUmN+EgEM=
gopkg.in/yaml.v3 v3.0.0-20210107192922-496545a6307b/go.mod h1:K4uyk7z7BCEPqu6E+C64Yfv1cQ7kz7rIZviUmN+EgEM=
